
Microsoft Visual Studio Solution File, Format Version 12.00
# Visual Studio Version 17
VisualStudioVersion = 17.4.33205.214
MinimumVisualStudioVersion = 10.0.40219.1
Project("{FAE04EC0-301F-11D3-BF4B-00C04F79EFBC}") = "Wordpicker_API", "Wordpicker_API\Wordpicker_API.csproj", "{0FE1AF23-583F-4145-B362-019A54610F29}"
EndProject
Global
	GlobalSection(SolutionConfigurationPlatforms) = preSolution
		Debug|Any CPU = Debug|Any CPU
		Release|Any CPU = Release|Any CPU
	EndGlobalSection
	GlobalSection(ProjectConfigurationPlatforms) = postSolution
		{0FE1AF23-583F-4145-B362-019A54610F29}.Debug|Any CPU.ActiveCfg = Debug|Any CPU
		{0FE1AF23-583F-4145-B362-019A54610F29}.Debug|Any CPU.Build.0 = Debug|Any CPU
		{0FE1AF23-583F-4145-B362-019A54610F29}.Release|Any CPU.ActiveCfg = Release|Any CPU
		{0FE1AF23-583F-4145-B362-019A54610F29}.Release|Any CPU.Build.0 = Release|Any CPU
	EndGlobalSection
	GlobalSection(SolutionProperties) = preSolution
		HideSolutionNode = FALSE
	EndGlobalSection
	GlobalSection(ExtensibilityGlobals) = postSolution
		SolutionGuid = {29AA28D9-E616-489C-8943-9810552F00C6}
	EndGlobalSection
EndGlobal
